
Microsoft Visual Studio Solution File, Format Version 12.00
# Visual Studio Version 17
VisualStudioVersion = 17.14.36511.14 d17.14
MinimumVisualStudioVersion = 10.0.40219.1
Project("{FAE04EC0-301F-11D3-BF4B-00C04F79EFBC}") = "Domain", "Domain\Domain.csproj", "{7EAB1663-A2CC-4ACC-B0F6-EDCFFE8E07FB}"
EndProject
Project("{FAE04EC0-301F-11D3-BF4B-00C04F79EFBC}") = "Infrastructure", "Infrastructure\Infrastructure.csproj", "{29E7E1BB-027B-462D-B3A8-366F023D1E2A}"
EndProject
Project("{FAE04EC0-301F-11D3-BF4B-00C04F79EFBC}") = "Application", "Application\Application.csproj", "{4975B9F4-44FA-4360-9668-D2E4B5B90C94}"
EndProject
Project("{FAE04EC0-301F-11D3-BF4B-00C04F79EFBC}") = "SiteStore", "SiteStore\SiteStore.csproj", "{61C7CF6E-D5F4-41F2-921E-73945A4B8BC5}"
EndProject
Global
	GlobalSection(SolutionConfigurationPlatforms) = preSolution
		Debug|Any CPU = Debug|Any CPU
		Release|Any CPU = Release|Any CPU
	EndGlobalSection
	GlobalSection(ProjectConfigurationPlatforms) = postSolution
		{7EAB1663-A2CC-4ACC-B0F6-EDCFFE8E07FB}.Debug|Any CPU.ActiveCfg = Debug|Any CPU
		{7EAB1663-A2CC-4ACC-B0F6-EDCFFE8E07FB}.Debug|Any CPU.Build.0 = Debug|Any CPU
		{7EAB1663-A2CC-4ACC-B0F6-EDCFFE8E07FB}.Release|Any CPU.ActiveCfg = Release|Any CPU
		{7EAB1663-A2CC-4ACC-B0F6-EDCFFE8E07FB}.Release|Any CPU.Build.0 = Release|Any CPU
		{29E7E1BB-027B-462D-B3A8-366F023D1E2A}.Debug|Any CPU.ActiveCfg = Debug|Any CPU
		{29E7E1BB-027B-462D-B3A8-366F023D1E2A}.Debug|Any CPU.Build.0 = Debug|Any CPU
		{29E7E1BB-027B-462D-B3A8-366F023D1E2A}.Release|Any CPU.ActiveCfg = Release|Any CPU
		{29E7E1BB-027B-462D-B3A8-366F023D1E2A}.Release|Any CPU.Build.0 = Release|Any CPU
		{4975B9F4-44FA-4360-9668-D2E4B5B90C94}.Debug|Any CPU.ActiveCfg = Debug|Any CPU
		{4975B9F4-44FA-4360-9668-D2E4B5B90C94}.Debug|Any CPU.Build.0 = Debug|Any CPU
		{4975B9F4-44FA-4360-9668-D2E4B5B90C94}.Release|Any CPU.ActiveCfg = Release|Any CPU
		{4975B9F4-44FA-4360-9668-D2E4B5B90C94}.Release|Any CPU.Build.0 = Release|Any CPU
		{61C7CF6E-D5F4-41F2-921E-73945A4B8BC5}.Debug|Any CPU.ActiveCfg = Debug|Any CPU
		{61C7CF6E-D5F4-41F2-921E-73945A4B8BC5}.Debug|Any CPU.Build.0 = Debug|Any CPU
		{61C7CF6E-D5F4-41F2-921E-73945A4B8BC5}.Release|Any CPU.ActiveCfg = Release|Any CPU
		{61C7CF6E-D5F4-41F2-921E-73945A4B8BC5}.Release|Any CPU.Build.0 = Release|Any CPU
	EndGlobalSection
	GlobalSection(SolutionProperties) = preSolution
		HideSolutionNode = FALSE
	EndGlobalSection
	GlobalSection(ExtensibilityGlobals) = postSolution
		SolutionGuid = {00C6C9DB-6375-42B3-A4CE-FC681A8E37B7}
	EndGlobalSection
EndGlobal
